<?xml version="1.0" encoding="utf-8"?>
<Project ToolsVersion="4.0" xmlns="http://schemas.microsoft.com/developer/msbuild/2003">
  <ItemGroup>
    <Filter Include="Resource Files">
      <UniqueIdentifier>{D9D6E242-F8AF-46E4-B9FD-80ECBC20BA3E}</UniqueIdentifier>
      <Extensions>qrc;*</Extensions>
      <ParseFiles>false</ParseFiles>
    </Filter>
    <Filter Include="Form Files">
      <UniqueIdentifier>{99349809-55BA-4b9d-BF79-8FDBB0286EB3}</UniqueIdentifier>
      <Extensions>ui</Extensions>
    </Filter>
    <Filter Include="Resource Files">
      <UniqueIdentifier>{D9D6E242-F8AF-46E4-B9FD-80ECBC20BA3E}</UniqueIdentifier>
      <Extensions>qrc;*</Extensions>
      <ParseFiles>false</ParseFiles>
    </Filter>
    <Filter Include="Generated Files">
      <UniqueIdentifier>{71ED8ED8-ACB9-4CE9-BBE1-E00B30144E11}</UniqueIdentifier>
      <Extensions>moc;h;cpp</Extensions>
      <SourceControlFiles>False</SourceControlFiles>
    </Filter>
    <Filter Include="irc">
      <UniqueIdentifier>{5f051856-165f-44f2-bcba-6832b519bbdf}</UniqueIdentifier>
    </Filter>
    <Filter Include="Main">
      <UniqueIdentifier>{edb58187-a45e-4d96-88ff-bca097b1ae8f}</UniqueIdentifier>
    </Filter>
    <Filter Include="log">
      <UniqueIdentifier>{a928147c-cfdf-40a4-b5b4-777f29c9bfc4}</UniqueIdentifier>
    </Filter>
  </ItemGroup>
  <ItemGroup>
    <ClCompile Include="irc\IrcMessage.cpp">
      <Filter>irc</Filter>
    </ClCompile>
    <ClCompile Include="irc\SimpleIrcProtocol.cpp">
      <Filter>irc</Filter>
    </ClCompile>
    <ClCompile Include="IrcClient.cpp">
      <Filter>Main</Filter>
    </ClCompile>
    <ClCompile Include="main.cpp">
      <Filter>Main</Filter>
    </ClCompile>
    <ClCompile Include="log\XsLog.cpp">
      <Filter>log</Filter>
    </ClCompile>
  </ItemGroup>
  <ItemGroup>
    <QtMoc Include="irc\SimpleIrcProtocol.h">
      <Filter>irc</Filter>
    </QtMoc>
    <QtMoc Include="IrcClient.h">
      <Filter>Main</Filter>
    </QtMoc>
  </ItemGroup>
  <ItemGroup>
    <QtUic Include="IrcClient.ui">
      <Filter>Form Files</Filter>
    </QtUic>
  </ItemGroup>
  <ItemGroup>
    <QtRcc Include="IrcClient.qrc">
      <Filter>Resource Files</Filter>
    </QtRcc>
  </ItemGroup>
  <ItemGroup>
    <ClInclude Include="irc\IrcMessage.h">
      <Filter>irc</Filter>
    </ClInclude>
    <ClInclude Include="irc\MessageInfo.h">
      <Filter>irc</Filter>
    </ClInclude>
    <ClInclude Include="log\XsLog.hpp">
      <Filter>log</Filter>
    </ClInclude>
  </ItemGroup>
</Project>